// !$*UTF8*$!
{
	archiveVersion = 1;
	classes = {
	};
	objectVersion = 56;
	objects = {

/* Begin PBXBuildFile section */
		AD4E4F9C2A684589003CA5BC /* NearMeApp.swift in Sources */ = {isa = PBXBuildFile; fileRef = AD4E4F9B2A684589003CA5BC /* NearMeApp.swift */; };
		AD4E4F9E2A684589003CA5BC /* ContentView.swift in Sources */ = {isa = PBXBuildFile; fileRef = AD4E4F9D2A684589003CA5BC /* ContentView.swift */; };
		AD4E4FA02A68458A003CA5BC /* Assets.xcassets in Resources */ = {isa = PBXBuildFile; fileRef = AD4E4F9F2A68458A003CA5BC /* Assets.xcassets */; };
		AD4E4FA42A68458A003CA5BC /* Preview Assets.xcassets in Resources */ = {isa = PBXBuildFile; fileRef = AD4E4FA32A68458A003CA5BC /* Preview Assets.xcassets */; };
		AD4E4FAC2A684782003CA5BC /* MKCoordinateRegion+Extensions.swift in Sources */ = {isa = PBXBuildFile; fileRef = AD4E4FAB2A684782003CA5BC /* MKCoordinateRegion+Extensions.swift */; };
		AD4E4FAF2A684900003CA5BC /* LocationManager.swift in Sources */ = {isa = PBXBuildFile; fileRef = AD4E4FAE2A684900003CA5BC /* LocationManager.swift */; };
		AD4E4FB22A684A92003CA5BC /* PlaceListViewModel.swift in Sources */ = {isa = PBXBuildFile; fileRef = AD4E4FB12A684A92003CA5BC /* PlaceListViewModel.swift */; };
		AD4E4FB42A68518D003CA5BC /* LandmarkViewModel.swift in Sources */ = {isa = PBXBuildFile; fileRef = AD4E4FB32A68518D003CA5BC /* LandmarkViewModel.swift */; };
		AD4E4FB72A6854A5003CA5BC /* LandmarkListView.swift in Sources */ = {isa = PBXBuildFile; fileRef = AD4E4FB62A6854A5003CA5BC /* LandmarkListView.swift */; };
		AD4E4FB92A6855D2003CA5BC /* LandmarkCategoryView.swift in Sources */ = {isa = PBXBuildFile; fileRef = AD4E4FB82A6855D2003CA5BC /* LandmarkCategoryView.swift */; };
		AD4E4FBB2A686A3C003CA5BC /* RecenterButton.swift in Sources */ = {isa = PBXBuildFile; fileRef = AD4E4FBA2A686A3C003CA5BC /* RecenterButton.swift */; };
/* End PBXBuildFile section */

/* Begin PBXFileReference section */
		AD4E4F982A684589003CA5BC /* NearMe.app */ = {isa = PBXFileReference; explicitFileType = wrapper.application; includeInIndex = 0; path = NearMe.app; sourceTree = BUILT_PRODUCTS_DIR; };
		AD4E4F9B2A684589003CA5BC /* NearMeApp.swift */ = {isa = PBXFileReference; lastKnownFileType = sourcecode.swift; path = NearMeApp.swift; sourceTree = "<group>"; };
		AD4E4F9D2A684589003CA5BC /* ContentView.swift */ = {isa = PBXFileReference; lastKnownFileType = sourcecode.swift; path = ContentView.swift; sourceTree = "<group>"; };
		AD4E4F9F2A68458A003CA5BC /* Assets.xcassets */ = {isa = PBXFileReference; lastKnownFileType = folder.assetcatalog; path = Assets.xcassets; sourceTree = "<group>"; };
		AD4E4FA12A68458A003CA5BC /* NearMe.entitlements */ = {isa = PBXFileReference; lastKnownFileType = text.plist.entitlements; path = NearMe.entitlements; sourceTree = "<group>"; };
		AD4E4FA32A68458A003CA5BC /* Preview Assets.xcassets */ = {isa = PBXFileReference; lastKnownFileType = folder.assetcatalog; path = "Preview Assets.xcassets"; sourceTree = "<group>"; };
		AD4E4FAB2A684782003CA5BC /* MKCoordinateRegion+Extensions.swift */ = {isa = PBXFileReference; lastKnownFileType = sourcecode.swift; path = "MKCoordinateRegion+Extensions.swift"; sourceTree = "<group>"; };
		AD4E4FAE2A684900003CA5BC /* LocationManager.swift */ = {isa = PBXFileReference; lastKnownFileType = sourcecode.swift; path = LocationManager.swift; sourceTree = "<group>"; };
		AD4E4FB12A684A92003CA5BC /* PlaceListViewModel.swift */ = {isa = PBXFileReference; lastKnownFileType = sourcecode.swift; path = PlaceListViewModel.swift; sourceTree = "<group>"; };
		AD4E4FB32A68518D003CA5BC /* LandmarkViewModel.swift */ = {isa = PBXFileReference; lastKnownFileType = sourcecode.swift; path = LandmarkViewModel.swift; sourceTree = "<group>"; };
		AD4E4FB62A6854A5003CA5BC /* LandmarkListView.swift */ = {isa = PBXFileReference; lastKnownFileType = sourcecode.swift; path = LandmarkListView.swift; sourceTree = "<group>"; };
		AD4E4FB82A6855D2003CA5BC /* LandmarkCategoryView.swift */ = {isa = PBXFileReference; lastKnownFileType = sourcecode.swift; path = LandmarkCategoryView.swift; sourceTree = "<group>"; };
		AD4E4FBA2A686A3C003CA5BC /* RecenterButton.swift */ = {isa = PBXFileReference; lastKnownFileType = sourcecode.swift; path = RecenterButton.swift; sourceTree = "<group>"; };
/* End PBXFileReference section */

/* Begin PBXFrameworksBuildPhase section */
		AD4E4F952A684589003CA5BC /* Frameworks */ = {
			isa = PBXFrameworksBuildPhase;
			buildActionMask = 2147483647;
			files = (
			);
			runOnlyForDeploymentPostprocessing = 0;
		};
/* End PBXFrameworksBuildPhase section */

/* Begin PBXGroup section */
		AD4E4F8F2A684589003CA5BC = {
			isa = PBXGroup;
			children = (
				AD4E4F9A2A684589003CA5BC /* NearMe */,
				AD4E4F992A684589003CA5BC /* Products */,
			);
			sourceTree = "<group>";
		};
		AD4E4F992A684589003CA5BC /* Products */ = {
			isa = PBXGroup;
			children = (
				AD4E4F982A684589003CA5BC /* NearMe.app */,
			);
			name = Products;
			sourceTree = "<group>";
		};
		AD4E4F9A2A684589003CA5BC /* NearMe */ = {
			isa = PBXGroup;
			children = (
				AD4E4FB52A685498003CA5BC /* Views */,
				AD4E4FB02A684A84003CA5BC /* ViewModels */,
				AD4E4FAD2A6848E9003CA5BC /* Managers */,
				AD4E4FAA2A68476A003CA5BC /* Extensions */,
				AD4E4F9B2A684589003CA5BC /* NearMeApp.swift */,
				AD4E4F9D2A684589003CA5BC /* ContentView.swift */,
				AD4E4F9F2A68458A003CA5BC /* Assets.xcassets */,
				AD4E4FA12A68458A003CA5BC /* NearMe.entitlements */,
				AD4E4FA22A68458A003CA5BC /* Preview Content */,
			);
			path = NearMe;
			sourceTree = "<group>";
		};
		AD4E4FA22A68458A003CA5BC /* Preview Content */ = {
			isa = PBXGroup;
			children = (
				AD4E4FA32A68458A003CA5BC /* Preview Assets.xcassets */,
			);
			path = "Preview Content";
			sourceTree = "<group>";
		};
		AD4E4FAA2A68476A003CA5BC /* Extensions */ = {
			isa = PBXGroup;
			children = (
				AD4E4FAB2A684782003CA5BC /* MKCoordinateRegion+Extensions.swift */,
			);
			path = Extensions;
			sourceTree = "<group>";
		};
		AD4E4FAD2A6848E9003CA5BC /* Managers */ = {
			isa = PBXGroup;
			children = (
				AD4E4FAE2A684900003CA5BC /* LocationManager.swift */,
			);
			path = Managers;
			sourceTree = "<group>";
		};
		AD4E4FB02A684A84003CA5BC /* ViewModels */ = {
			isa = PBXGroup;
			children = (
				AD4E4FB12A684A92003CA5BC /* PlaceListViewModel.swift */,
				AD4E4FB32A68518D003CA5BC /* LandmarkViewModel.swift */,
			);
			path = ViewModels;
			sourceTree = "<group>";
		};
		AD4E4FB52A685498003CA5BC /* Views */ = {
			isa = PBXGroup;
			children = (
				AD4E4FB62A6854A5003CA5BC /* LandmarkListView.swift */,
				AD4E4FB82A6855D2003CA5BC /* LandmarkCategoryView.swift */,
				AD4E4FBA2A686A3C003CA5BC /* RecenterButton.swift */,
			);
			path = Views;
			sourceTree = "<group>";
		};
/* End PBXGroup section */

/* Begin PBXNativeTarget section */
		AD4E4F972A684589003CA5BC /* NearMe */ = {
			isa = PBXNativeTarget;
			buildConfigurationList = AD4E4FA72A68458A003CA5BC /* Build configuration list for PBXNativeTarget "NearMe" */;
			buildPhases = (
				AD4E4F942A684589003CA5BC /* Sources */,
				AD4E4F952A684589003CA5BC /* Frameworks */,
				AD4E4F962A684589003CA5BC /* Resources */,
			);
			buildRules = (
			);
			dependencies = (
			);
			name = NearMe;
			productName = NearMe;
			productReference = AD4E4F982A684589003CA5BC /* NearMe.app */;
			productType = "com.apple.product-type.application";
		};
/* End PBXNativeTarget section */

/* Begin PBXProject section */
		AD4E4F902A684589003CA5BC /* Project object */ = {
			isa = PBXProject;
			attributes = {
				BuildIndependentTargetsInParallel = 1;
				LastSwiftUpdateCheck = 1430;
				LastUpgradeCheck = 1430;
				TargetAttributes = {
					AD4E4F972A684589003CA5BC = {
						CreatedOnToolsVersion = 14.3;
					};
				};
			};
			buildConfigurationList = AD4E4F932A684589003CA5BC /* Build configuration list for PBXProject "NearMe" */;
			compatibilityVersion = "Xcode 14.0";
			developmentRegion = en;
			hasScannedForEncodings = 0;
			knownRegions = (
				en,
				Base,
			);
			mainGroup = AD4E4F8F2A684589003CA5BC;
			productRefGroup = AD4E4F992A684589003CA5BC /* Products */;
			projectDirPath = "";
			projectRoot = "";
			targets = (
				AD4E4F972A684589003CA5BC /* NearMe */,
			);
		};
/* End PBXProject section */

/* Begin PBXResourcesBuildPhase section */
		AD4E4F962A684589003CA5BC /* Resources */ = {
			isa = PBXResourcesBuildPhase;
			buildActionMask = 2147483647;
			files = (
				AD4E4FA42A68458A003CA5BC /* Preview Assets.xcassets in Resources */,
				AD4E4FA02A68458A003CA5BC /* Assets.xcassets in Resources */,
			);
			runOnlyForDeploymentPostprocessing = 0;
		};
/* End PBXResourcesBuildPhase section */

/* Begin PBXSourcesBuildPhase section */
		AD4E4F942A684589003CA5BC /* Sources */ = {
			isa = PBXSourcesBuildPhase;
			buildActionMask = 2147483647;
			files = (
				AD4E4FB92A6855D2003CA5BC /* LandmarkCategoryView.swift in Sources */,
				AD4E4FAF2A684900003CA5BC /* LocationManager.swift in Sources */,
				AD4E4F9E2A684589003CA5BC /* ContentView.swift in Sources */,
				AD4E4FAC2A684782003CA5BC /* MKCoordinateRegion+Extensions.swift in Sources */,
				AD4E4FBB2A686A3C003CA5BC /* RecenterButton.swift in Sources */,
				AD4E4FB22A684A92003CA5BC /* PlaceListViewModel.swift in Sources */,
				AD4E4FB42A68518D003CA5BC /* LandmarkViewModel.swift in Sources */,
				AD4E4FB72A6854A5003CA5BC /* LandmarkListView.swift in Sources */,
				AD4E4F9C2A684589003CA5BC /* NearMeApp.swift in Sources */,
			);
			runOnlyForDeploymentPostprocessing = 0;
		};
/* End PBXSourcesBuildPhase section */

/* Begin XCBuildConfiguration section */
		AD4E4FA52A68458A003CA5BC /* Debug */ = {
			isa = XCBuildConfiguration;
			buildSettings = {
				ALWAYS_SEARCH_USER_PATHS = NO;
				CLANG_ANALYZER_NONNULL = YES;
				CLANG_ANALYZER_NUMBER_OBJECT_CONVERSION = YES_AGGRESSIVE;
				CLANG_CXX_LANGUAGE_STANDARD = "gnu++20";
				CLANG_ENABLE_MODULES = YES;
				CLANG_ENABLE_OBJC_ARC = YES;
				CLANG_ENABLE_OBJC_WEAK = YES;
				CLANG_WARN_BLOCK_CAPTURE_AUTORELEASING = YES;
				CLANG_WARN_BOOL_CONVERSION = YES;
				CLANG_WARN_COMMA = YES;
				CLANG_WARN_CONSTANT_CONVERSION = YES;
				CLANG_WARN_DEPRECATED_OBJC_IMPLEMENTATIONS = YES;
				CLANG_WARN_DIRECT_OBJC_ISA_USAGE = YES_ERROR;
				CLANG_WARN_DOCUMENTATION_COMMENTS = YES;
				CLANG_WARN_EMPTY_BODY = YES;
				CLANG_WARN_ENUM_CONVERSION = YES;
				CLANG_WARN_INFINITE_RECURSION = YES;
				CLANG_WARN_INT_CONVERSION = YES;
				CLANG_WARN_NON_LITERAL_NULL_CONVERSION = YES;
				CLANG_WARN_OBJC_IMPLICIT_RETAIN_SELF = YES;
				CLANG_WARN_OBJC_LITERAL_CONVERSION = YES;
				CLANG_WARN_OBJC_ROOT_CLASS = YES_ERROR;
				CLANG_WARN_QUOTED_INCLUDE_IN_FRAMEWORK_HEADER = YES;
				CLANG_WARN_RANGE_LOOP_ANALYSIS = YES;
				CLANG_WARN_STRICT_PROTOTYPES = YES;
				CLANG_WARN_SUSPICIOUS_MOVE = YES;
				CLANG_WARN_UNGUARDED_AVAILABILITY = YES_AGGRESSIVE;
				CLANG_WARN_UNREACHABLE_CODE = YES;
				CLANG_WARN__DUPLICATE_METHOD_MATCH = YES;
				COPY_PHASE_STRIP = NO;
				DEBUG_INFORMATION_FORMAT = dwarf;
				ENABLE_STRICT_OBJC_MSGSEND = YES;
				ENABLE_TESTABILITY = YES;
				GCC_C_LANGUAGE_STANDARD = gnu11;
				GCC_DYNAMIC_NO_PIC = NO;
				GCC_NO_COMMON_BLOCKS = YES;
				GCC_OPTIMIZATION_LEVEL = 0;
				GCC_PREPROCESSOR_DEFINITIONS = (
					"DEBUG=1",
					"$(inherited)",
				);
				GCC_WARN_64_TO_32_BIT_CONVERSION = YES;
				GCC_WARN_ABOUT_RETURN_TYPE = YES_ERROR;
				GCC_WARN_UNDECLARED_SELECTOR = YES;
				GCC_WARN_UNINITIALIZED_AUTOS = YES_AGGRESSIVE;
				GCC_WARN_UNUSED_FUNCTION = YES;
				GCC_WARN_UNUSED_VARIABLE = YES;
				MTL_ENABLE_DEBUG_INFO = INCLUDE_SOURCE;
				MTL_FAST_MATH = YES;
				ONLY_ACTIVE_ARCH = YES;
				SWIFT_ACTIVE_COMPILATION_CONDITIONS = DEBUG;
				SWIFT_OPTIMIZATION_LEVEL = "-Onone";
			};
			name = Debug;
		};
		AD4E4FA62A68458A003CA5BC /* Release */ = {
			isa = XCBuildConfiguration;
			buildSettings = {
				ALWAYS_SEARCH_USER_PATHS = NO;
				CLANG_ANALYZER_NONNULL = YES;
				CLANG_ANALYZER_NUMBER_OBJECT_CONVERSION = YES_AGGRESSIVE;
				CLANG_CXX_LANGUAGE_STANDARD = "gnu++20";
				CLANG_ENABLE_MODULES = YES;
				CLANG_ENABLE_OBJC_ARC = YES;
				CLANG_ENABLE_OBJC_WEAK = YES;
				CLANG_WARN_BLOCK_CAPTURE_AUTORELEASING = YES;
				CLANG_WARN_BOOL_CONVERSION = YES;
				CLANG_WARN_COMMA = YES;
				CLANG_WARN_CONSTANT_CONVERSION = YES;
				CLANG_WARN_DEPRECATED_OBJC_IMPLEMENTATIONS = YES;
				CLANG_WARN_DIRECT_OBJC_ISA_USAGE = YES_ERROR;
				CLANG_WARN_DOCUMENTATION_COMMENTS = YES;
				CLANG_WARN_EMPTY_BODY = YES;
				CLANG_WARN_ENUM_CONVERSION = YES;
				CLANG_WARN_INFINITE_RECURSION = YES;
				CLANG_WARN_INT_CONVERSION = YES;
				CLANG_WARN_NON_LITERAL_NULL_CONVERSION = YES;
				CLANG_WARN_OBJC_IMPLICIT_RETAIN_SELF = YES;
				CLANG_WARN_OBJC_LITERAL_CONVERSION = YES;
				CLANG_WARN_OBJC_ROOT_CLASS = YES_ERROR;
				CLANG_WARN_QUOTED_INCLUDE_IN_FRAMEWORK_HEADER = YES;
				CLANG_WARN_RANGE_LOOP_ANALYSIS = YES;
				CLANG_WARN_STRICT_PROTOTYPES = YES;
				CLANG_WARN_SUSPICIOUS_MOVE = YES;
				CLANG_WARN_UNGUARDED_AVAILABILITY = YES_AGGRESSIVE;
				CLANG_WARN_UNREACHABLE_CODE = YES;
				CLANG_WARN__DUPLICATE_METHOD_MATCH = YES;
				COPY_PHASE_STRIP = NO;
				DEBUG_INFORMATION_FORMAT = "dwarf-with-dsym";
				ENABLE_NS_ASSERTIONS = NO;
				ENABLE_STRICT_OBJC_MSGSEND = YES;
				GCC_C_LANGUAGE_STANDARD = gnu11;
				GCC_NO_COMMON_BLOCKS = YES;
				GCC_WARN_64_TO_32_BIT_CONVERSION = YES;
				GCC_WARN_ABOUT_RETURN_TYPE = YES_ERROR;
				GCC_WARN_UNDECLARED_SELECTOR = YES;
				GCC_WARN_UNINITIALIZED_AUTOS = YES_AGGRESSIVE;
				GCC_WARN_UNUSED_FUNCTION = YES;
				GCC_WARN_UNUSED_VARIABLE = YES;
				MTL_ENABLE_DEBUG_INFO = NO;
				MTL_FAST_MATH = YES;
				SWIFT_COMPILATION_MODE = wholemodule;
				SWIFT_OPTIMIZATION_LEVEL = "-O";
			};
			name = Release;
		};
		AD4E4FA82A68458A003CA5BC /* Debug */ = {
			isa = XCBuildConfiguration;
			buildSettings = {
				ASSETCATALOG_COMPILER_APPICON_NAME = AppIcon;
				ASSETCATALOG_COMPILER_GLOBAL_ACCENT_COLOR_NAME = AccentColor;
				CODE_SIGN_ENTITLEMENTS = NearMe/NearMe.entitlements;
				CODE_SIGN_STYLE = Automatic;
				CURRENT_PROJECT_VERSION = 1;
				DEVELOPMENT_ASSET_PATHS = "\"NearMe/Preview Content\"";
				DEVELOPMENT_TEAM = 2357YPA7SL;
				ENABLE_HARDENED_RUNTIME = YES;
				ENABLE_PREVIEWS = YES;
				GENERATE_INFOPLIST_FILE = YES;
				INFOPLIST_KEY_NSLocationWhenInUseUsageDescription = "Please allow us to access your location.";
				"INFOPLIST_KEY_UIApplicationSceneManifest_Generation[sdk=iphoneos*]" = YES;
				"INFOPLIST_KEY_UIApplicationSceneManifest_Generation[sdk=iphonesimulator*]" = YES;
				"INFOPLIST_KEY_UIApplicationSupportsIndirectInputEvents[sdk=iphoneos*]" = YES;
				"INFOPLIST_KEY_UIApplicationSupportsIndirectInputEvents[sdk=iphonesimulator*]" = YES;
				"INFOPLIST_KEY_UILaunchScreen_Generation[sdk=iphoneos*]" = YES;
				"INFOPLIST_KEY_UILaunchScreen_Generation[sdk=iphonesimulator*]" = YES;
				"INFOPLIST_KEY_UIStatusBarStyle[sdk=iphoneos*]" = UIStatusBarStyleDefault;
				"INFOPLIST_KEY_UIStatusBarStyle[sdk=iphonesimulator*]" = UIStatusBarStyleDefault;
				INFOPLIST_KEY_UISupportedInterfaceOrientations_iPad = "UIInterfaceOrientationPortrait UIInterfaceOrientationPortraitUpsideDown UIInterfaceOrientationLandscapeLeft UIInterfaceOrientationLandscapeRight";
				INFOPLIST_KEY_UISupportedInterfaceOrientations_iPhone = "UIInterfaceOrientationPortrait UIInterfaceOrientationLandscapeLeft UIInterfaceOrientationLandscapeRight";
				IPHONEOS_DEPLOYMENT_TARGET = 16.4;
				LD_RUNPATH_SEARCH_PATHS = "@executable_path/Frameworks";
				"LD_RUNPATH_SEARCH_PATHS[sdk=macosx*]" = "@executable_path/../Frameworks";
				MACOSX_DEPLOYMENT_TARGET = 13.3;
				MARKETING_VERSION = 1.0;
				PRODUCT_BUNDLE_IDENTIFIER = com.ak.NearMe;
				PRODUCT_NAME = "$(TARGET_NAME)";
				SDKROOT = auto;
				SUPPORTED_PLATFORMS = "iphoneos iphonesimulator macosx";
				SWIFT_EMIT_LOC_STRINGS = YES;
				SWIFT_VERSION = 5.0;
				TARGETED_DEVICE_FAMILY = "1,2";
			};
			name = Debug;
		};
		AD4E4FA92A68458A003CA5BC /* Release */ = {
			isa = XCBuildConfiguration;
			buildSettings = {
				ASSETCATALOG_COMPILER_APPICON_NAME = AppIcon;
				ASSETCATALOG_COMPILER_GLOBAL_ACCENT_COLOR_NAME = AccentColor;
				CODE_SIGN_ENTITLEMENTS = NearMe/NearMe.entitlements;
				CODE_SIGN_STYLE = Automatic;
				CURRENT_PROJECT_VERSION = 1;
				DEVELOPMENT_ASSET_PATHS = "\"NearMe/Preview Content\"";
				DEVELOPMENT_TEAM = 2357YPA7SL;
				ENABLE_HARDENED_RUNTIME = YES;
				ENABLE_PREVIEWS = YES;
				GENERATE_INFOPLIST_FILE = YES;
				INFOPLIST_KEY_NSLocationWhenInUseUsageDescription = "Please allow us to access your location.";
				"INFOPLIST_KEY_UIApplicationSceneManifest_Generation[sdk=iphoneos*]" = YES;
				"INFOPLIST_KEY_UIApplicationSceneManifest_Generation[sdk=iphonesimulator*]" = YES;
				"INFOPLIST_KEY_UIApplicationSupportsIndirectInputEvents[sdk=iphoneos*]" = YES;
				"INFOPLIST_KEY_UIApplicationSupportsIndirectInputEvents[sdk=iphonesimulator*]" = YES;
				"INFOPLIST_KEY_UILaunchScreen_Generation[sdk=iphoneos*]" = YES;
				"INFOPLIST_KEY_UILaunchScreen_Generation[sdk=iphonesimulator*]" = YES;
				"INFOPLIST_KEY_UIStatusBarStyle[sdk=iphoneos*]" = UIStatusBarStyleDefault;
				"INFOPLIST_KEY_UIStatusBarStyle[sdk=iphonesimulator*]" = UIStatusBarStyleDefault;
				INFOPLIST_KEY_UISupportedInterfaceOrientations_iPad = "UIInterfaceOrientationPortrait UIInterfaceOrientationPortraitUpsideDown UIInterfaceOrientationLandscapeLeft UIInterfaceOrientationLandscapeRight";
				INFOPLIST_KEY_UISupportedInterfaceOrientations_iPhone = "UIInterfaceOrientationPortrait UIInterfaceOrientationLandscapeLeft UIInterfaceOrientationLandscapeRight";
				IPHONEOS_DEPLOYMENT_TARGET = 16.4;
				LD_RUNPATH_SEARCH_PATHS = "@executable_path/Frameworks";
				"LD_RUNPATH_SEARCH_PATHS[sdk=macosx*]" = "@executable_path/../Frameworks";
				MACOSX_DEPLOYMENT_TARGET = 13.3;
				MARKETING_VERSION = 1.0;
				PRODUCT_BUNDLE_IDENTIFIER = com.ak.NearMe;
				PRODUCT_NAME = "$(TARGET_NAME)";
				SDKROOT = auto;
				SUPPORTED_PLATFORMS = "iphoneos iphonesimulator macosx";
				SWIFT_EMIT_LOC_STRINGS = YES;
				SWIFT_VERSION = 5.0;
				TARGETED_DEVICE_FAMILY = "1,2";
			};
			name = Release;
		};
/* End XCBuildConfiguration section */

/* Begin XCConfigurationList section */
		AD4E4F932A684589003CA5BC /* Build configuration list for PBXProject "NearMe" */ = {
			isa = XCConfigurationList;
			buildConfigurations = (
				AD4E4FA52A68458A003CA5BC /* Debug */,
				AD4E4FA62A68458A003CA5BC /* Release */,
			);
			defaultConfigurationIsVisible = 0;
			defaultConfigurationName = Release;
		};
		AD4E4FA72A68458A003CA5BC /* Build configuration list for PBXNativeTarget "NearMe" */ = {
			isa = XCConfigurationList;
			buildConfigurations = (
				AD4E4FA82A68458A003CA5BC /* Debug */,
				AD4E4FA92A68458A003CA5BC /* Release */,
			);
			defaultConfigurationIsVisible = 0;
			defaultConfigurationName = Release;
		};
/* End XCConfigurationList section */
	};
	rootObject = AD4E4F902A684589003CA5BC /* Project object */;
}
